<?xml version="1.0" encoding="utf-8"?>
<Project ToolsVersion="4.0" xmlns="http://schemas.microsoft.com/developer/msbuild/2003">
  <ItemGroup>
    <ClCompile Include="src\ofApp.cpp">
      <Filter>src</Filter>
    </ClCompile>
    <ClCompile Include="src\main.cpp">
      <Filter>src</Filter>
    </ClCompile>
    <ClCompile Include="..\..\..\addons\ofxAssimpModelLoader\src\ofxAssimpAnimation.cpp">
      <Filter>addons\ofxAssimpModelLoader\src</Filter>
    </ClCompile>
    <ClCompile Include="..\..\..\addons\ofxAssimpModelLoader\src\ofxAssimpMeshHelper.cpp">
      <Filter>addons\ofxAssimpModelLoader\src</Filter>
    </ClCompile>
    <ClCompile Include="..\..\..\addons\ofxAssimpModelLoader\src\ofxAssimpModelLoader.cpp">
      <Filter>addons\ofxAssimpModelLoader\src</Filter>
    </ClCompile>
    <ClCompile Include="..\..\..\addons\ofxAssimpModelLoader\src\ofxAssimpTexture.cpp">
      <Filter>addons\ofxAssimpModelLoader\src</Filter>
    </ClCompile>
    <ClCompile Include="..\..\..\addons\ofxGui\src\ofxBaseGui.cpp">
      <Filter>addons\ofxGui\src</Filter>
    </ClCompile>
    <ClCompile Include="..\..\..\addons\ofxGui\src\ofxButton.cpp">
      <Filter>addons\ofxGui\src</Filter>
    </ClCompile>
    <ClCompile Include="..\..\..\addons\ofxGui\src\ofxColorPicker.cpp">
      <Filter>addons\ofxGui\src</Filter>
    </ClCompile>
    <ClCompile Include="..\..\..\addons\ofxGui\src\ofxGuiGroup.cpp">
      <Filter>addons\ofxGui\src</Filter>
    </ClCompile>
    <ClCompile Include="..\..\..\addons\ofxGui\src\ofxInputField.cpp">
      <Filter>addons\ofxGui\src</Filter>
    </ClCompile>
    <ClCompile Include="..\..\..\addons\ofxGui\src\ofxLabel.cpp">
      <Filter>addons\ofxGui\src</Filter>
    </ClCompile>
    <ClCompile Include="..\..\..\addons\ofxGui\src\ofxPanel.cpp">
      <Filter>addons\ofxGui\src</Filter>
    </ClCompile>
    <ClCompile Include="..\..\..\addons\ofxGui\src\ofxSlider.cpp">
      <Filter>addons\ofxGui\src</Filter>
    </ClCompile>
    <ClCompile Include="..\..\..\addons\ofxGui\src\ofxSliderGroup.cpp">
      <Filter>addons\ofxGui\src</Filter>
    </ClCompile>
    <ClCompile Include="..\..\..\addons\ofxGui\src\ofxToggle.cpp">
      <Filter>addons\ofxGui\src</Filter>
    </ClCompile>
    <ClCompile Include="src\Flock.cpp">
      <Filter>src</Filter>
    </ClCompile>
    <ClCompile Include="src\Boid.cpp">
      <Filter>src</Filter>
    </ClCompile>
  </ItemGroup>
  <ItemGroup>
    <Filter Include="src">
      <UniqueIdentifier>{d8376475-7454-4a24-b08a-aac121d3ad6f}</UniqueIdentifier>
    </Filter>
    <Filter Include="addons">
      <UniqueIdentifier>{65B56DA8--FC5-C-4D-F5-A-A80-BC0AB1BE40BF}</UniqueIdentifier>
    </Filter>
    <Filter Include="addons\ofxAssimpModelLoader">
      <UniqueIdentifier>{7BD53D0B--95E-5-42-89-A-36C-8CC4BF79DE3B}</UniqueIdentifier>
    </Filter>
    <Filter Include="addons\ofxAssimpModelLoader\src">
      <UniqueIdentifier>{F7E0DF5A--3F8-A-4E-22-8-368-B6652C13ED47}</UniqueIdentifier>
    </Filter>
    <Filter Include="addons\ofxAssimpModelLoader\libs">
      <UniqueIdentifier>{C5D8D099--34B-1-4B-C0-A-553-F9E19A3E65C0}</UniqueIdentifier>
    </Filter>
    <Filter Include="addons\ofxAssimpModelLoader\libs\assimp">
      <UniqueIdentifier>{A64C41DC--63D-7-43-73-A-409-95187A4358DA}</UniqueIdentifier>
    </Filter>
    <Filter Include="addons\ofxAssimpModelLoader\libs\assimp\include">
      <UniqueIdentifier>{F457CBC2--273-0-43-DB-8-8AD-AE2BB8772F51}</UniqueIdentifier>
    </Filter>
    <Filter Include="addons\ofxAssimpModelLoader\libs\assimp\include\assimp">
      <UniqueIdentifier>{9DF4A3BF--2B5-5-4D-27-A-34E-F347ADDD5366}</UniqueIdentifier>
    </Filter>
    <Filter Include="addons\ofxAssimpModelLoader\libs\assimp\include\assimp\Compiler">
      <UniqueIdentifier>{15E77696--8AB-5-4C-EC-8-FD4-9EEC04EB9A23}</UniqueIdentifier>
    </Filter>
    <Filter Include="addons\ofxAssimpModelLoader\libs\assimp\include\assimp\port">
      <UniqueIdentifier>{691735C4--B11-A-44-E3-A-704-E022E598AF45}</UniqueIdentifier>
    </Filter>
    <Filter Include="addons\ofxAssimpModelLoader\libs\assimp\include\assimp\port\AndroidJNI">
      <UniqueIdentifier>{3126CF02--013-E-46-61-8-FE8-0AAD34BE59F1}</UniqueIdentifier>
    </Filter>
    <Filter Include="addons\ofxGui">
      <UniqueIdentifier>{C27312E2--438-7-41-3B-A-373-4DE9B88A2E89}</UniqueIdentifier>
    </Filter>
    <Filter Include="addons\ofxGui\src">
      <UniqueIdentifier>{15A70885--316-2-42-ED-8-37A-E09C0B1DB578}</UniqueIdentifier>
    </Filter>
  </ItemGroup>
  <ItemGroup>
    <ClInclude Include="src\ofApp.h">
      <Filter>src</Filter>
    </ClInclude>
    <ClInclude Include="..\..\..\addons\ofxAssimpModelLoader\src\ofxAssimpAnimation.h">
      <Filter>addons\ofxAssimpModelLoader\src</Filter>
    </ClInclude>
    <ClInclude Include="..\..\..\addons\ofxAssimpModelLoader\src\ofxAssimpMeshHelper.h">
      <Filter>addons\ofxAssimpModelLoader\src</Filter>
    </ClInclude>
    <ClInclude Include="..\..\..\addons\ofxAssimpModelLoader\src\ofxAssimpModelLoader.h">
      <Filter>addons\ofxAssimpModelLoader\src</Filter>
    </ClInclude>
    <ClInclude Include="..\..\..\addons\ofxAssimpModelLoader\src\ofxAssimpTexture.h">
      <Filter>addons\ofxAssimpModelLoader\src</Filter>
    </ClInclude>
    <ClInclude Include="..\..\..\addons\ofxAssimpModelLoader\src\ofxAssimpUtils.h">
      <Filter>addons\ofxAssimpModelLoader\src</Filter>
    </ClInclude>
    <ClInclude Include="..\..\..\addons\ofxAssimpModelLoader\libs\assimp\include\assimp\aabb.h">
      <Filter>addons\ofxAssimpModelLoader\libs\assimp\include\assimp</Filter>
    </ClInclude>
    <ClInclude Include="..\..\..\addons\ofxAssimpModelLoader\libs\assimp\include\assimp\ai_assert.h">
      <Filter>addons\ofxAssimpModelLoader\libs\assimp\include\assimp</Filter>
    </ClInclude>
    <ClInclude Include="..\..\..\addons\ofxAssimpModelLoader\libs\assimp\include\assimp\anim.h">
      <Filter>addons\ofxAssimpModelLoader\libs\assimp\include\assimp</Filter>
    </ClInclude>
    <ClInclude Include="..\..\..\addons\ofxAssimpModelLoader\libs\assimp\include\assimp\Base64.hpp">
      <Filter>addons\ofxAssimpModelLoader\libs\assimp\include\assimp</Filter>
    </ClInclude>
    <ClInclude Include="..\..\..\addons\ofxAssimpModelLoader\libs\assimp\include\assimp\BaseImporter.h">
      <Filter>addons\ofxAssimpModelLoader\libs\assimp\include\assimp</Filter>
    </ClInclude>
    <ClInclude Include="..\..\..\addons\ofxAssimpModelLoader\libs\assimp\include\assimp\Bitmap.h">
      <Filter>addons\ofxAssimpModelLoader\libs\assimp\include\assimp</Filter>
    </ClInclude>
    <ClInclude Include="..\..\..\addons\ofxAssimpModelLoader\libs\assimp\include\assimp\BlobIOSystem.h">
      <Filter>addons\ofxAssimpModelLoader\libs\assimp\include\assimp</Filter>
    </ClInclude>
    <ClInclude Include="..\..\..\addons\ofxAssimpModelLoader\libs\assimp\include\assimp\ByteSwapper.h">
      <Filter>addons\ofxAssimpModelLoader\libs\assimp\include\assimp</Filter>
    </ClInclude>
    <ClInclude Include="..\..\..\addons\ofxAssimpModelLoader\libs\assimp\include\assimp\camera.h">
      <Filter>addons\ofxAssimpModelLoader\libs\assimp\include\assimp</Filter>
    </ClInclude>
    <ClInclude Include="..\..\..\addons\ofxAssimpModelLoader\libs\assimp\include\assimp\cexport.h">
      <Filter>addons\ofxAssimpModelLoader\libs\assimp\include\assimp</Filter>
    </ClInclude>
    <ClInclude Include="..\..\..\addons\ofxAssimpModelLoader\libs\assimp\include\assimp\cfileio.h">
      <Filter>addons\ofxAssimpModelLoader\libs\assimp\include\assimp</Filter>
    </ClInclude>
    <ClInclude Include="..\..\..\addons\ofxAssimpModelLoader\libs\assimp\include\assimp\cimport.h">
      <Filter>addons\ofxAssimpModelLoader\libs\assimp\include\assimp</Filter>
    </ClInclude>
    <ClInclude Include="..\..\..\addons\ofxAssimpModelLoader\libs\assimp\include\assimp\ColladaMetaData.h">
      <Filter>addons\ofxAssimpModelLoader\libs\assimp\include\assimp</Filter>
    </ClInclude>
    <ClInclude Include="..\..\..\addons\ofxAssimpModelLoader\libs\assimp\include\assimp\color4.h">
      <Filter>addons\ofxAssimpModelLoader\libs\assimp\include\assimp</Filter>
    </ClInclude>
    <ClInclude Include="..\..\..\addons\ofxAssimpModelLoader\libs\assimp\include\assimp\commonMetaData.h">
      <Filter>addons\ofxAssimpModelLoader\libs\assimp\include\assimp</Filter>
    </ClInclude>
    <ClInclude Include="..\..\..\addons\ofxAssimpModelLoader\libs\assimp\include\assimp\Compiler\poppack1.h">
      <Filter>addons\ofxAssimpModelLoader\libs\assimp\include\assimp\Compiler</Filter>
    </ClInclude>
    <ClInclude Include="..\..\..\addons\ofxAssimpModelLoader\libs\assimp\include\assimp\Compiler\pstdint.h">
      <Filter>addons\ofxAssimpModelLoader\libs\assimp\include\assimp\Compiler</Filter>
    </ClInclude>
    <ClInclude Include="..\..\..\addons\ofxAssimpModelLoader\libs\assimp\include\assimp\Compiler\pushpack1.h">
      <Filter>addons\ofxAssimpModelLoader\libs\assimp\include\assimp\Compiler</Filter>
    </ClInclude>
    <ClInclude Include="..\..\..\addons\ofxAssimpModelLoader\libs\assimp\include\assimp\config.h">
      <Filter>addons\ofxAssimpModelLoader\libs\assimp\include\assimp</Filter>
    </ClInclude>
    <ClInclude Include="..\..\..\addons\ofxAssimpModelLoader\libs\assimp\include\assimp\CreateAnimMesh.h">
      <Filter>addons\ofxAssimpModelLoader\libs\assimp\include\assimp</Filter>
    </ClInclude>
    <ClInclude Include="..\..\..\addons\ofxAssimpModelLoader\libs\assimp\include\assimp\DefaultIOStream.h">
      <Filter>addons\ofxAssimpModelLoader\libs\assimp\include\assimp</Filter>
    </ClInclude>
    <ClInclude Include="..\..\..\addons\ofxAssimpModelLoader\libs\assimp\include\assimp\DefaultIOSystem.h">
      <Filter>addons\ofxAssimpModelLoader\libs\assimp\include\assimp</Filter>
    </ClInclude>
    <ClInclude Include="..\..\..\addons\ofxAssimpModelLoader\libs\assimp\include\assimp\DefaultLogger.hpp">
      <Filter>addons\ofxAssimpModelLoader\libs\assimp\include\assimp</Filter>
    </ClInclude>
    <ClInclude Include="..\..\..\addons\ofxAssimpModelLoader\libs\assimp\include\assimp\defs.h">
      <Filter>addons\ofxAssimpModelLoader\libs\assimp\include\assimp</Filter>
    </ClInclude>
    <ClInclude Include="..\..\..\addons\ofxAssimpModelLoader\libs\assimp\include\assimp\Exceptional.h">
      <Filter>addons\ofxAssimpModelLoader\libs\assimp\include\assimp</Filter>
    </ClInclude>
    <ClInclude Include="..\..\..\addons\ofxAssimpModelLoader\libs\assimp\include\assimp\Exporter.hpp">
      <Filter>addons\ofxAssimpModelLoader\libs\assimp\include\assimp</Filter>
    </ClInclude>
    <ClInclude Include="..\..\..\addons\ofxAssimpModelLoader\libs\assimp\include\assimp\fast_atof.h">
      <Filter>addons\ofxAssimpModelLoader\libs\assimp\include\assimp</Filter>
    </ClInclude>
    <ClInclude Include="..\..\..\addons\ofxAssimpModelLoader\libs\assimp\include\assimp\GenericProperty.h">
      <Filter>addons\ofxAssimpModelLoader\libs\assimp\include\assimp</Filter>
    </ClInclude>
    <ClInclude Include="..\..\..\addons\ofxAssimpModelLoader\libs\assimp\include\assimp\GltfMaterial.h">
      <Filter>addons\ofxAssimpModelLoader\libs\assimp\include\assimp</Filter>
    </ClInclude>
    <ClInclude Include="..\..\..\addons\ofxAssimpModelLoader\libs\assimp\include\assimp\Hash.h">
      <Filter>addons\ofxAssimpModelLoader\libs\assimp\include\assimp</Filter>
    </ClInclude>
    <ClInclude Include="..\..\..\addons\ofxAssimpModelLoader\libs\assimp\include\assimp\Importer.hpp">
      <Filter>addons\ofxAssimpModelLoader\libs\assimp\include\assimp</Filter>
    </ClInclude>
    <ClInclude Include="..\..\..\addons\ofxAssimpModelLoader\libs\assimp\include\assimp\importerdesc.h">
      <Filter>addons\ofxAssimpModelLoader\libs\assimp\include\assimp</Filter>
    </ClInclude>
    <ClInclude Include="..\..\..\addons\ofxAssimpModelLoader\libs\assimp\include\assimp\IOStream.hpp">
      <Filter>addons\ofxAssimpModelLoader\libs\assimp\include\assimp</Filter>
    </ClInclude>
    <ClInclude Include="..\..\..\addons\ofxAssimpModelLoader\libs\assimp\include\assimp\IOStreamBuffer.h">
      <Filter>addons\ofxAssimpModelLoader\libs\assimp\include\assimp</Filter>
    </ClInclude>
    <ClInclude Include="..\..\..\addons\ofxAssimpModelLoader\libs\assimp\include\assimp\IOSystem.hpp">
      <Filter>addons\ofxAssimpModelLoader\libs\assimp\include\assimp</Filter>
    </ClInclude>
    <ClInclude Include="..\..\..\addons\ofxAssimpModelLoader\libs\assimp\include\assimp\light.h">
      <Filter>addons\ofxAssimpModelLoader\libs\assimp\include\assimp</Filter>
    </ClInclude>
    <ClInclude Include="..\..\..\addons\ofxAssimpModelLoader\libs\assimp\include\assimp\LineSplitter.h">
      <Filter>addons\ofxAssimpModelLoader\libs\assimp\include\assimp</Filter>
    </ClInclude>
    <ClInclude Include="..\..\..\addons\ofxAssimpModelLoader\libs\assimp\include\assimp\LogAux.h">
      <Filter>addons\ofxAssimpModelLoader\libs\assimp\include\assimp</Filter>
    </ClInclude>
    <ClInclude Include="..\..\..\addons\ofxAssimpModelLoader\libs\assimp\include\assimp\Logger.hpp">
      <Filter>addons\ofxAssimpModelLoader\libs\assimp\include\assimp</Filter>
    </ClInclude>
    <ClInclude Include="..\..\..\addons\ofxAssimpModelLoader\libs\assimp\include\assimp\LogStream.hpp">
      <Filter>addons\ofxAssimpModelLoader\libs\assimp\include\assimp</Filter>
    </ClInclude>
    <ClInclude Include="..\..\..\addons\ofxAssimpModelLoader\libs\assimp\include\assimp\material.h">
      <Filter>addons\ofxAssimpModelLoader\libs\assimp\include\assimp</Filter>
    </ClInclude>
    <ClInclude Include="..\..\..\addons\ofxAssimpModelLoader\libs\assimp\include\assimp\MathFunctions.h">
      <Filter>addons\ofxAssimpModelLoader\libs\assimp\include\assimp</Filter>
    </ClInclude>
    <ClInclude Include="..\..\..\addons\ofxAssimpModelLoader\libs\assimp\include\assimp\matrix3x3.h">
      <Filter>addons\ofxAssimpModelLoader\libs\assimp\include\assimp</Filter>
    </ClInclude>
    <ClInclude Include="..\..\..\addons\ofxAssimpModelLoader\libs\assimp\include\assimp\matrix4x4.h">
      <Filter>addons\ofxAssimpModelLoader\libs\assimp\include\assimp</Filter>
    </ClInclude>
    <ClInclude Include="..\..\..\addons\ofxAssimpModelLoader\libs\assimp\include\assimp\MemoryIOWrapper.h">
      <Filter>addons\ofxAssimpModelLoader\libs\assimp\include\assimp</Filter>
    </ClInclude>
    <ClInclude Include="..\..\..\addons\ofxAssimpModelLoader\libs\assimp\include\assimp\mesh.h">
      <Filter>addons\ofxAssimpModelLoader\libs\assimp\include\assimp</Filter>
    </ClInclude>
    <ClInclude Include="..\..\..\addons\ofxAssimpModelLoader\libs\assimp\include\assimp\metadata.h">
      <Filter>addons\ofxAssimpModelLoader\libs\assimp\include\assimp</Filter>
    </ClInclude>
    <ClInclude Include="..\..\..\addons\ofxAssimpModelLoader\libs\assimp\include\assimp\NullLogger.hpp">
      <Filter>addons\ofxAssimpModelLoader\libs\assimp\include\assimp</Filter>
    </ClInclude>
    <ClInclude Include="..\..\..\addons\ofxAssimpModelLoader\libs\assimp\include\assimp\ObjMaterial.h">
      <Filter>addons\ofxAssimpModelLoader\libs\assimp\include\assimp</Filter>
    </ClInclude>
    <ClInclude Include="..\..\..\addons\ofxAssimpModelLoader\libs\assimp\include\assimp\ParsingUtils.h">
      <Filter>addons\ofxAssimpModelLoader\libs\assimp\include\assimp</Filter>
    </ClInclude>
    <ClInclude Include="..\..\..\addons\ofxAssimpModelLoader\libs\assimp\include\assimp\pbrmaterial.h">
      <Filter>addons\ofxAssimpModelLoader\libs\assimp\include\assimp</Filter>
    </ClInclude>
    <ClInclude Include="..\..\..\addons\ofxAssimpModelLoader\libs\assimp\include\assimp\port\AndroidJNI\AndroidJNIIOSystem.h">
      <Filter>addons\ofxAssimpModelLoader\libs\assimp\include\assimp\port\AndroidJNI</Filter>
    </ClInclude>
    <ClInclude Include="..\..\..\addons\ofxAssimpModelLoader\libs\assimp\include\assimp\port\AndroidJNI\BundledAssetIOSystem.h">
      <Filter>addons\ofxAssimpModelLoader\libs\assimp\include\assimp\port\AndroidJNI</Filter>
    </ClInclude>
    <ClInclude Include="..\..\..\addons\ofxAssimpModelLoader\libs\assimp\include\assimp\postprocess.h">
      <Filter>addons\ofxAssimpModelLoader\libs\assimp\include\assimp</Filter>
    </ClInclude>
    <ClInclude Include="..\..\..\addons\ofxAssimpModelLoader\libs\assimp\include\assimp\Profiler.h">
      <Filter>addons\ofxAssimpModelLoader\libs\assimp\include\assimp</Filter>
    </ClInclude>
    <ClInclude Include="..\..\..\addons\ofxAssimpModelLoader\libs\assimp\include\assimp\ProgressHandler.hpp">
      <Filter>addons\ofxAssimpModelLoader\libs\assimp\include\assimp</Filter>
    </ClInclude>
    <ClInclude Include="..\..\..\addons\ofxAssimpModelLoader\libs\assimp\include\assimp\qnan.h">
      <Filter>addons\ofxAssimpModelLoader\libs\assimp\include\assimp</Filter>
    </ClInclude>
    <ClInclude Include="..\..\..\addons\ofxAssimpModelLoader\libs\assimp\include\assimp\quaternion.h">
      <Filter>addons\ofxAssimpModelLoader\libs\assimp\include\assimp</Filter>
    </ClInclude>
    <ClInclude Include="..\..\..\addons\ofxAssimpModelLoader\libs\assimp\include\assimp\RemoveComments.h">
      <Filter>addons\ofxAssimpModelLoader\libs\assimp\include\assimp</Filter>
    </ClInclude>
    <ClInclude Include="..\..\..\addons\ofxAssimpModelLoader\libs\assimp\include\assimp\scene.h">
      <Filter>addons\ofxAssimpModelLoader\libs\assimp\include\assimp</Filter>
    </ClInclude>
    <ClInclude Include="..\..\..\addons\ofxAssimpModelLoader\libs\assimp\include\assimp\SceneCombiner.h">
      <Filter>addons\ofxAssimpModelLoader\libs\assimp\include\assimp</Filter>
    </ClInclude>
    <ClInclude Include="..\..\..\addons\ofxAssimpModelLoader\libs\assimp\include\assimp\SGSpatialSort.h">
      <Filter>addons\ofxAssimpModelLoader\libs\assimp\include\assimp</Filter>
    </ClInclude>
    <ClInclude Include="..\..\..\addons\ofxAssimpModelLoader\libs\assimp\include\assimp\SkeletonMeshBuilder.h">
      <Filter>addons\ofxAssimpModelLoader\libs\assimp\include\assimp</Filter>
    </ClInclude>
    <ClInclude Include="..\..\..\addons\ofxAssimpModelLoader\libs\assimp\include\assimp\SmallVector.h">
      <Filter>addons\ofxAssimpModelLoader\libs\assimp\include\assimp</Filter>
    </ClInclude>
    <ClInclude Include="..\..\..\addons\ofxAssimpModelLoader\libs\assimp\include\assimp\SmoothingGroups.h">
      <Filter>addons\ofxAssimpModelLoader\libs\assimp\include\assimp</Filter>
    </ClInclude>
    <ClInclude Include="..\..\..\addons\ofxAssimpModelLoader\libs\assimp\include\assimp\SpatialSort.h">
      <Filter>addons\ofxAssimpModelLoader\libs\assimp\include\assimp</Filter>
    </ClInclude>
    <ClInclude Include="..\..\..\addons\ofxAssimpModelLoader\libs\assimp\include\assimp\StandardShapes.h">
      <Filter>addons\ofxAssimpModelLoader\libs\assimp\include\assimp</Filter>
    </ClInclude>
    <ClInclude Include="..\..\..\addons\ofxAssimpModelLoader\libs\assimp\include\assimp\StreamReader.h">
      <Filter>addons\ofxAssimpModelLoader\libs\assimp\include\assimp</Filter>
    </ClInclude>
    <ClInclude Include="..\..\..\addons\ofxAssimpModelLoader\libs\assimp\include\assimp\StreamWriter.h">
      <Filter>addons\ofxAssimpModelLoader\libs\assimp\include\assimp</Filter>
    </ClInclude>
    <ClInclude Include="..\..\..\addons\ofxAssimpModelLoader\libs\assimp\include\assimp\StringComparison.h">
      <Filter>addons\ofxAssimpModelLoader\libs\assimp\include\assimp</Filter>
    </ClInclude>
    <ClInclude Include="..\..\..\addons\ofxAssimpModelLoader\libs\assimp\include\assimp\StringUtils.h">
      <Filter>addons\ofxAssimpModelLoader\libs\assimp\include\assimp</Filter>
    </ClInclude>
    <ClInclude Include="..\..\..\addons\ofxAssimpModelLoader\libs\assimp\include\assimp\Subdivision.h">
      <Filter>addons\ofxAssimpModelLoader\libs\assimp\include\assimp</Filter>
    </ClInclude>
    <ClInclude Include="..\..\..\addons\ofxAssimpModelLoader\libs\assimp\include\assimp\texture.h">
      <Filter>addons\ofxAssimpModelLoader\libs\assimp\include\assimp</Filter>
    </ClInclude>
    <ClInclude Include="..\..\..\addons\ofxAssimpModelLoader\libs\assimp\include\assimp\TinyFormatter.h">
      <Filter>addons\ofxAssimpModelLoader\libs\assimp\include\assimp</Filter>
    </ClInclude>
    <ClInclude Include="..\..\..\addons\ofxAssimpModelLoader\libs\assimp\include\assimp\types.h">
      <Filter>addons\ofxAssimpModelLoader\libs\assimp\include\assimp</Filter>
    </ClInclude>
    <ClInclude Include="..\..\..\addons\ofxAssimpModelLoader\libs\assimp\include\assimp\vector2.h">
      <Filter>addons\ofxAssimpModelLoader\libs\assimp\include\assimp</Filter>
    </ClInclude>
    <ClInclude Include="..\..\..\addons\ofxAssimpModelLoader\libs\assimp\include\assimp\vector3.h">
      <Filter>addons\ofxAssimpModelLoader\libs\assimp\include\assimp</Filter>
    </ClInclude>
    <ClInclude Include="..\..\..\addons\ofxAssimpModelLoader\libs\assimp\include\assimp\version.h">
      <Filter>addons\ofxAssimpModelLoader\libs\assimp\include\assimp</Filter>
    </ClInclude>
    <ClInclude Include="..\..\..\addons\ofxAssimpModelLoader\libs\assimp\include\assimp\Vertex.h">
      <Filter>addons\ofxAssimpModelLoader\libs\assimp\include\assimp</Filter>
    </ClInclude>
    <ClInclude Include="..\..\..\addons\ofxAssimpModelLoader\libs\assimp\include\assimp\XmlParser.h">
      <Filter>addons\ofxAssimpModelLoader\libs\assimp\include\assimp</Filter>
    </ClInclude>
    <ClInclude Include="..\..\..\addons\ofxAssimpModelLoader\libs\assimp\include\assimp\XMLTools.h">
      <Filter>addons\ofxAssimpModelLoader\libs\assimp\include\assimp</Filter>
    </ClInclude>
    <ClInclude Include="..\..\..\addons\ofxAssimpModelLoader\libs\assimp\include\assimp\ZipArchiveIOSystem.h">
      <Filter>addons\ofxAssimpModelLoader\libs\assimp\include\assimp</Filter>
    </ClInclude>
    <ClInclude Include="..\..\..\addons\ofxGui\src\ofxBaseGui.h">
      <Filter>addons\ofxGui\src</Filter>
    </ClInclude>
    <ClInclude Include="..\..\..\addons\ofxGui\src\ofxButton.h">
      <Filter>addons\ofxGui\src</Filter>
    </ClInclude>
    <ClInclude Include="..\..\..\addons\ofxGui\src\ofxColorPicker.h">
      <Filter>addons\ofxGui\src</Filter>
    </ClInclude>
    <ClInclude Include="..\..\..\addons\ofxGui\src\ofxGui.h">
      <Filter>addons\ofxGui\src</Filter>
    </ClInclude>
    <ClInclude Include="..\..\..\addons\ofxGui\src\ofxGuiGroup.h">
      <Filter>addons\ofxGui\src</Filter>
    </ClInclude>
    <ClInclude Include="..\..\..\addons\ofxGui\src\ofxGuiUtils.h">
      <Filter>addons\ofxGui\src</Filter>
    </ClInclude>
    <ClInclude Include="..\..\..\addons\ofxGui\src\ofxInputField.h">
      <Filter>addons\ofxGui\src</Filter>
    </ClInclude>
    <ClInclude Include="..\..\..\addons\ofxGui\src\ofxLabel.h">
      <Filter>addons\ofxGui\src</Filter>
    </ClInclude>
    <ClInclude Include="..\..\..\addons\ofxGui\src\ofxPanel.h">
      <Filter>addons\ofxGui\src</Filter>
    </ClInclude>
    <ClInclude Include="..\..\..\addons\ofxGui\src\ofxSlider.h">
      <Filter>addons\ofxGui\src</Filter>
    </ClInclude>
    <ClInclude Include="..\..\..\addons\ofxGui\src\ofxSliderGroup.h">
      <Filter>addons\ofxGui\src</Filter>
    </ClInclude>
    <ClInclude Include="..\..\..\addons\ofxGui\src\ofxToggle.h">
      <Filter>addons\ofxGui\src</Filter>
    </ClInclude>
    <ClInclude Include="src\Boid.h">
      <Filter>src</Filter>
    </ClInclude>
    <ClInclude Include="src\Flock.h">
      <Filter>src</Filter>
    </ClInclude>
  </ItemGroup>
  <ItemGroup>
    <ResourceCompile Include="icon.rc" />
  </ItemGroup>
</Project>